Microsoft Visual Studio Solution File, Format Version 12.00
# Visual Studio Version 16
VisualStudioVersion = 16.0.30804.86
MinimumVisualStudioVersion = 10.0.40219.1
Project("{FAE04EC0-301F-11D3-BF4B-00C04F79EFBC}") = "OknoGlowne", "OknoGlowne\OknoGlowne.csproj", "{60FD7F7A-27A1-4026-90A4-0EE8391D3349}"
EndProject
Project("{FAE04EC0-301F-11D3-BF4B-00C04F79EFBC}") = "BiuroNieruchomosci", "BiuroNieruchomosci\BiuroNieruchomosci.csproj", "{72E1F303-F4BB-472E-BD36-D82529575ADA}"
EndProject
Project("{9A19103F-16F7-4668-BE54-9A1E7A4F7556}") = "UnitTests", "UnitTests\UnitTests.csproj", "{EED94E76-2400-40CE-B561-4FB3F0E05497}"
EndProject
Project("{2150E333-8FDC-42A3-9474-1A3956D46DE8}") = "Solution Items", "Solution Items", "{FB0CAE83-0F8E-4F84-800D-ABD68B3B4C71}"
	ProjectSection(SolutionItems) = preProject
		.editorconfig = .editorconfig
	EndProjectSection
EndProject
Global
	GlobalSection(SolutionConfigurationPlatforms) = preSolution
		Debug|Any CPU = Debug|Any CPU
		Release|Any CPU = Release|Any CPU
	EndGlobalSection
	GlobalSection(ProjectConfigurationPlatforms) = postSolution
		{60FD7F7A-27A1-4026-90A4-0EE8391D3349}.Debug|Any CPU.ActiveCfg = Debug|Any CPU
		{60FD7F7A-27A1-4026-90A4-0EE8391D3349}.Debug|Any CPU.Build.0 = Debug|Any CPU
		{60FD7F7A-27A1-4026-90A4-0EE8391D3349}.Release|Any CPU.ActiveCfg = Release|Any CPU
		{60FD7F7A-27A1-4026-90A4-0EE8391D3349}.Release|Any CPU.Build.0 = Release|Any CPU
		{72E1F303-F4BB-472E-BD36-D82529575ADA}.Debug|Any CPU.ActiveCfg = Debug|Any CPU
		{72E1F303-F4BB-472E-BD36-D82529575ADA}.Debug|Any CPU.Build.0 = Debug|Any CPU
		{72E1F303-F4BB-472E-BD36-D82529575ADA}.Release|Any CPU.ActiveCfg = Release|Any CPU
		{72E1F303-F4BB-472E-BD36-D82529575ADA}.Release|Any CPU.Build.0 = Release|Any CPU
		{EED94E76-2400-40CE-B561-4FB3F0E05497}.Debug|Any CPU.ActiveCfg = Debug|Any CPU
		{EED94E76-2400-40CE-B561-4FB3F0E05497}.Debug|Any CPU.Build.0 = Debug|Any CPU
		{EED94E76-2400-40CE-B561-4FB3F0E05497}.Release|Any CPU.ActiveCfg = Release|Any CPU
		{EED94E76-2400-40CE-B561-4FB3F0E05497}.Release|Any CPU.Build.0 = Release|Any CPU
	EndGlobalSection
	GlobalSection(SolutionProperties) = preSolution
		HideSolutionNode = FALSE
	EndGlobalSection
	GlobalSection(ExtensibilityGlobals) = postSolution
		SolutionGuid = {A9114118-F8AF-4A85-BE68-2745326D0218}
	EndGlobalSection
EndGlobal
