Microsoft Visual Studio Solution File, Format Version 12.00
# Visual Studio Version 16
VisualStudioVersion = 16.0.30804.86
MinimumVisualStudioVersion = 10.0.40219.1
Project("{9A19103F-16F7-4668-BE54-9A1E7A4F7556}") = "Biuro_nieruchomosci", "Biuro_nieruchomosci\Biuro_nieruchomosci.csproj", "{483F7E33-5FC8-4DF7-B0A8-E82136CCAC06}"
EndProject
Project("{FAE04EC0-301F-11D3-BF4B-00C04F79EFBC}") = "OknoGlowne", "OknoGlowne\OknoGlowne.csproj", "{60FD7F7A-27A1-4026-90A4-0EE8391D3349}"
EndProject
Project("{FAE04EC0-301F-11D3-BF4B-00C04F79EFBC}") = "OknoDodajNowegoKlienta", "OknoDodajNowegoKlienta\OknoDodajNowegoKlienta.csproj", "{783B8DBE-A841-4128-A882-A14230D4A5D7}"
EndProject
Project("{FAE04EC0-301F-11D3-BF4B-00C04F79EFBC}") = "OknoUtworzNowaUmowe", "OknoUtworzNowaUmowe\OknoUtworzNowaUmowe.csproj", "{A8767D26-7258-489D-8312-1A73108577FC}"
EndProject
Project("{FAE04EC0-301F-11D3-BF4B-00C04F79EFBC}") = "OknoUmowaSprzedazy", "OknoUmowaSprzedazy\OknoUmowaSprzedazy.csproj", "{C4B20F96-1D10-43A1-8F59-3967EB6595E2}"
EndProject
Project("{FAE04EC0-301F-11D3-BF4B-00C04F79EFBC}") = "OknoUmowaKupna", "OknoUmowaKupna\OknoUmowaKupna.csproj", "{45A19426-265D-4118-BC42-2F305835C02B}"
EndProject
Project("{FAE04EC0-301F-11D3-BF4B-00C04F79EFBC}") = "OknoDodajNieruchomosc", "OknoDodajNieruchomosc\OknoDodajNieruchomosc.csproj", "{91A80ECE-C389-46BA-9946-2809A271BB6B}"
EndProject
Project("{FAE04EC0-301F-11D3-BF4B-00C04F79EFBC}") = "OknoDodajPracownika", "OknoDodajPracownika\OknoDodajPracownika.csproj", "{2A991162-122D-43F4-B969-EA18813D81A3}"
EndProject
Global
	GlobalSection(SolutionConfigurationPlatforms) = preSolution
		Debug|Any CPU = Debug|Any CPU
		Release|Any CPU = Release|Any CPU
	EndGlobalSection
	GlobalSection(ProjectConfigurationPlatforms) = postSolution
		{483F7E33-5FC8-4DF7-B0A8-E82136CCAC06}.Debug|Any CPU.ActiveCfg = Debug|Any CPU
		{483F7E33-5FC8-4DF7-B0A8-E82136CCAC06}.Debug|Any CPU.Build.0 = Debug|Any CPU
		{483F7E33-5FC8-4DF7-B0A8-E82136CCAC06}.Release|Any CPU.ActiveCfg = Release|Any CPU
		{483F7E33-5FC8-4DF7-B0A8-E82136CCAC06}.Release|Any CPU.Build.0 = Release|Any CPU
		{60FD7F7A-27A1-4026-90A4-0EE8391D3349}.Debug|Any CPU.ActiveCfg = Debug|Any CPU
		{60FD7F7A-27A1-4026-90A4-0EE8391D3349}.Debug|Any CPU.Build.0 = Debug|Any CPU
		{60FD7F7A-27A1-4026-90A4-0EE8391D3349}.Release|Any CPU.ActiveCfg = Release|Any CPU
		{60FD7F7A-27A1-4026-90A4-0EE8391D3349}.Release|Any CPU.Build.0 = Release|Any CPU
		{783B8DBE-A841-4128-A882-A14230D4A5D7}.Debug|Any CPU.ActiveCfg = Debug|Any CPU
		{783B8DBE-A841-4128-A882-A14230D4A5D7}.Debug|Any CPU.Build.0 = Debug|Any CPU
		{783B8DBE-A841-4128-A882-A14230D4A5D7}.Release|Any CPU.ActiveCfg = Release|Any CPU
		{783B8DBE-A841-4128-A882-A14230D4A5D7}.Release|Any CPU.Build.0 = Release|Any CPU
		{A8767D26-7258-489D-8312-1A73108577FC}.Debug|Any CPU.ActiveCfg = Debug|Any CPU
		{A8767D26-7258-489D-8312-1A73108577FC}.Debug|Any CPU.Build.0 = Debug|Any CPU
		{A8767D26-7258-489D-8312-1A73108577FC}.Release|Any CPU.ActiveCfg = Release|Any CPU
		{A8767D26-7258-489D-8312-1A73108577FC}.Release|Any CPU.Build.0 = Release|Any CPU
		{C4B20F96-1D10-43A1-8F59-3967EB6595E2}.Debug|Any CPU.ActiveCfg = Debug|Any CPU
		{C4B20F96-1D10-43A1-8F59-3967EB6595E2}.Debug|Any CPU.Build.0 = Debug|Any CPU
		{C4B20F96-1D10-43A1-8F59-3967EB6595E2}.Release|Any CPU.ActiveCfg = Release|Any CPU
		{C4B20F96-1D10-43A1-8F59-3967EB6595E2}.Release|Any CPU.Build.0 = Release|Any CPU
		{45A19426-265D-4118-BC42-2F305835C02B}.Debug|Any CPU.ActiveCfg = Debug|Any CPU
		{45A19426-265D-4118-BC42-2F305835C02B}.Debug|Any CPU.Build.0 = Debug|Any CPU
		{45A19426-265D-4118-BC42-2F305835C02B}.Release|Any CPU.ActiveCfg = Release|Any CPU
		{45A19426-265D-4118-BC42-2F305835C02B}.Release|Any CPU.Build.0 = Release|Any CPU
		{91A80ECE-C389-46BA-9946-2809A271BB6B}.Debug|Any CPU.ActiveCfg = Debug|Any CPU
		{91A80ECE-C389-46BA-9946-2809A271BB6B}.Debug|Any CPU.Build.0 = Debug|Any CPU
		{91A80ECE-C389-46BA-9946-2809A271BB6B}.Release|Any CPU.ActiveCfg = Release|Any CPU
		{91A80ECE-C389-46BA-9946-2809A271BB6B}.Release|Any CPU.Build.0 = Release|Any CPU
		{2A991162-122D-43F4-B969-EA18813D81A3}.Debug|Any CPU.ActiveCfg = Debug|Any CPU
		{2A991162-122D-43F4-B969-EA18813D81A3}.Debug|Any CPU.Build.0 = Debug|Any CPU
		{2A991162-122D-43F4-B969-EA18813D81A3}.Release|Any CPU.ActiveCfg = Release|Any CPU
		{2A991162-122D-43F4-B969-EA18813D81A3}.Release|Any CPU.Build.0 = Release|Any CPU
	EndGlobalSection
	GlobalSection(SolutionProperties) = preSolution
		HideSolutionNode = FALSE
	EndGlobalSection
	GlobalSection(ExtensibilityGlobals) = postSolution
		SolutionGuid = {A9114118-F8AF-4A85-BE68-2745326D0218}
	EndGlobalSection
EndGlobal
